{
  "name": "@cutting/util",
  "version": "0.6.0",
  "lockfileVersion": 1,
  "requires": true,
  "dependencies": {
    "@babel/runtime": {
      "version": "7.5.5",
      "resolved": "https://registry.npmjs.org/@babel/runtime/-/runtime-7.5.5.tgz",
      "integrity": "sha512-28QvEGyQyNkB0/m2B4FU7IEZGK2NUrcMtT6BZEFALTguLk+AUT6ofsHtPk5QyjAdUkpMJ+/Em+quwz4HOt30AQ==",
      "dev": true,
      "requires": {
        "regenerator-runtime": "^0.13.2"
      }
    },
    "@jest/types": {
      "version": "24.8.0",
      "resolved": "https://registry.npmjs.org/@jest/types/-/types-24.8.0.tgz",
      "integrity": "sha512-g17UxVr2YfBtaMUxn9u/4+siG1ptg9IGYAYwvpwn61nBg779RXnjE/m7CxYcIzEt0AbHZZAHSEZNhkE2WxURVg==",
      "dev": true,
      "requires": {
        "@types/istanbul-lib-coverage": "^2.0.0",
        "@types/istanbul-reports": "^1.1.1",
        "@types/yargs": "^12.0.9"
      }
    },
    "@sheerun/mutationobserver-shim": {
      "version": "0.3.2",
      "resolved": "https://registry.npmjs.org/@sheerun/mutationobserver-shim/-/mutationobserver-shim-0.3.2.tgz",
      "integrity": "sha512-vTCdPp/T/Q3oSqwHmZ5Kpa9oI7iLtGl3RQaA/NyLHikvcrPxACkkKVr/XzkSPJWXHRhKGzVvb0urJsbMlRxi1Q==",
      "dev": true
    },
    "@testing-library/dom": {
      "version": "5.6.0",
      "resolved": "https://registry.npmjs.org/@testing-library/dom/-/dom-5.6.0.tgz",
      "integrity": "sha512-nAsRvQLr/b6TGNjuHMEbWXCNPLrQYnzqa/KKQZL7wBOtfptUxsa4Ah9aqkHW0ZmCSFmUDj4nFUxWPVTeMu0iCw==",
      "dev": true,
      "requires": {
        "@babel/runtime": "^7.4.5",
        "@sheerun/mutationobserver-shim": "^0.3.2",
        "aria-query": "3.0.0",
        "pretty-format": "^24.8.0",
        "wait-for-expect": "^1.2.0"
      }
    },
    "@testing-library/react": {
      "version": "8.0.7",
      "resolved": "https://registry.npmjs.org/@testing-library/react/-/react-8.0.7.tgz",
      "integrity": "sha512-6XoeWSr3UCdxMswbkW0BmuXYw8a6w+stt+5gg4D4zAcljfhXETQ5o28bjJFwNab4OPg8gBNK8KIVot86L4Q8Vg==",
      "dev": true,
      "requires": {
        "@babel/runtime": "^7.5.4",
        "@testing-library/dom": "^5.5.4"
      }
    },
    "@testing-library/react-hooks": {
      "version": "1.0.4",
      "resolved": "https://registry.npmjs.org/@testing-library/react-hooks/-/react-hooks-1.0.4.tgz",
      "integrity": "sha512-yFulIcOY7oTtkUHRzmWb0nPWpt0mA/WMm6BWCzoZopLptlSk6LrGC3P53bdN7UTcYqyExszSwMz3o8PYYQeeEA==",
      "dev": true,
      "requires": {
        "@babel/runtime": "^7.4.2",
        "@types/react": "^16.8.22",
        "@types/react-test-renderer": "^16.8.2"
      }
    },
    "@types/istanbul-lib-coverage": {
      "version": "2.0.1",
      "resolved": "https://registry.npmjs.org/@types/istanbul-lib-coverage/-/istanbul-lib-coverage-2.0.1.tgz",
      "integrity": "sha512-hRJD2ahnnpLgsj6KWMYSrmXkM3rm2Dl1qkx6IOFD5FnuNPXJIG5L0dhgKXCYTRMGzU4n0wImQ/xfmRc4POUFlg==",
      "dev": true
    },
    "@types/istanbul-lib-report": {
      "version": "1.1.1",
      "resolved": "https://registry.npmjs.org/@types/istanbul-lib-report/-/istanbul-lib-report-1.1.1.tgz",
      "integrity": "sha512-3BUTyMzbZa2DtDI2BkERNC6jJw2Mr2Y0oGI7mRxYNBPxppbtEK1F66u3bKwU2g+wxwWI7PAoRpJnOY1grJqzHg==",
      "dev": true,
      "requires": {
        "@types/istanbul-lib-coverage": "*"
      }
    },
    "@types/istanbul-reports": {
      "version": "1.1.1",
      "resolved": "https://registry.npmjs.org/@types/istanbul-reports/-/istanbul-reports-1.1.1.tgz",
      "integrity": "sha512-UpYjBi8xefVChsCoBpKShdxTllC9pwISirfoZsUa2AAdQg/Jd2KQGtSbw+ya7GPo7x/wAPlH6JBhKhAsXUEZNA==",
      "dev": true,
      "requires": {
        "@types/istanbul-lib-coverage": "*",
        "@types/istanbul-lib-report": "*"
      }
    },
    "@types/prop-types": {
      "version": "15.7.1",
      "resolved": "https://registry.npmjs.org/@types/prop-types/-/prop-types-15.7.1.tgz",
      "integrity": "sha512-CFzn9idOEpHrgdw8JsoTkaDDyRWk1jrzIV8djzcgpq0y9tG4B4lFT+Nxh52DVpDXV+n4+NPNv7M1Dj5uMp6XFg==",
      "dev": true
    },
    "@types/react": {
      "version": "16.8.23",
      "resolved": "https://registry.npmjs.org/@types/react/-/react-16.8.23.tgz",
      "integrity": "sha512-abkEOIeljniUN9qB5onp++g0EY38h7atnDHxwKUFz1r3VH1+yG1OKi2sNPTyObL40goBmfKFpdii2lEzwLX1cA==",
      "dev": true,
      "requires": {
        "@types/prop-types": "*",
        "csstype": "^2.2.0"
      }
    },
    "@types/react-test-renderer": {
      "version": "16.8.3",
      "resolved": "https://registry.npmjs.org/@types/react-test-renderer/-/react-test-renderer-16.8.3.tgz",
      "integrity": "sha512-vEEYh6gFk3jkPHqRe7N5CxWA+yb92hCZxNyhq/1Wj3mClqVWLJYakJDMp3iFmntCgEq96m68N9Oad3wOHm+pdQ==",
      "dev": true,
      "requires": {
        "@types/react": "*"
      }
    },
    "@types/yargs": {
      "version": "12.0.12",
      "resolved": "https://registry.npmjs.org/@types/yargs/-/yargs-12.0.12.tgz",
      "integrity": "sha512-SOhuU4wNBxhhTHxYaiG5NY4HBhDIDnJF60GU+2LqHAdKKer86//e4yg69aENCtQ04n0ovz+tq2YPME5t5yp4pw==",
      "dev": true
    },
    "ansi-regex": {
      "version": "4.1.0",
      "resolved": "https://registry.npmjs.org/ansi-regex/-/ansi-regex-4.1.0.tgz",
      "integrity": "sha512-1apePfXM1UOSqw0o9IiFAovVz9M5S1Dg+4TrDwfMewQ6p/rmMueb7tWZjQ1rx4Loy1ArBggoqGpfqqdI4rondg==",
      "dev": true
    },
    "ansi-styles": {
      "version": "3.2.1",
      "resolved": "https://registry.npmjs.org/ansi-styles/-/ansi-styles-3.2.1.tgz",
      "integrity": "sha512-VT0ZI6kZRdTh8YyJw3SMbYm/u+NqfsAxEpWO0Pf9sq8/e94WxxOpPKx9FR1FlyCtOVDNOQ+8ntlqFxiRc+r5qA==",
      "dev": true,
      "requires": {
        "color-convert": "^1.9.0"
      }
    },
    "aria-query": {
      "version": "3.0.0",
      "resolved": "https://registry.npmjs.org/aria-query/-/aria-query-3.0.0.tgz",
      "integrity": "sha1-ZbP8wcoRVajJrmTW7uKX8V1RM8w=",
      "dev": true,
      "requires": {
        "ast-types-flow": "0.0.7",
        "commander": "^2.11.0"
      }
    },
    "ast-types-flow": {
      "version": "0.0.7",
      "resolved": "https://registry.npmjs.org/ast-types-flow/-/ast-types-flow-0.0.7.tgz",
      "integrity": "sha1-9wtzXGvKGlycItmCw+Oef+ujva0=",
      "dev": true
    },
    "color-convert": {
      "version": "1.9.3",
      "resolved": "https://registry.npmjs.org/color-convert/-/color-convert-1.9.3.tgz",
      "integrity": "sha512-QfAUtd+vFdAtFQcC8CCyYt1fYWxSqAiK2cSD6zDB8N3cpsEBAvRxp9zOGg6G/SHHJYAT88/az/IuDGALsNVbGg==",
      "dev": true,
      "requires": {
        "color-name": "1.1.3"
      }
    },
    "color-name": {
      "version": "1.1.3",
      "resolved": "https://registry.npmjs.org/color-name/-/color-name-1.1.3.tgz",
      "integrity": "sha1-p9BVi9icQveV3UIyj3QIMcpTvCU=",
      "dev": true
    },
    "commander": {
      "version": "2.20.0",
      "resolved": "https://registry.npmjs.org/commander/-/commander-2.20.0.tgz",
      "integrity": "sha512-7j2y+40w61zy6YC2iRNpUe/NwhNyoXrYpHMrSunaMG64nRnaf96zO/KMQR4OyN/UnE5KLyEBnKHd4aG3rskjpQ==",
      "dev": true
    },
    "csstype": {
      "version": "2.6.6",
      "resolved": "https://registry.npmjs.org/csstype/-/csstype-2.6.6.tgz",
      "integrity": "sha512-RpFbQGUE74iyPgvr46U9t1xoQBM8T4BL8SxrN66Le2xYAPSaDJJKeztV3awugusb3g3G9iL8StmkBBXhcbbXhg==",
      "dev": true
    },
    "lodash": {
      "version": "4.17.15",
      "resolved": "https://registry.npmjs.org/lodash/-/lodash-4.17.15.tgz",
      "integrity": "sha512-8xOcRHvCjnocdS5cpwXQXVzmmh5e5+saE2QGoeQmbKmRS6J3VQppPOIt0MnmE+4xlZoumy0GPG0D0MVIQbNA1A=="
    },
    "pretty-format": {
      "version": "24.8.0",
      "resolved": "https://registry.npmjs.org/pretty-format/-/pretty-format-24.8.0.tgz",
      "integrity": "sha512-P952T7dkrDEplsR+TuY7q3VXDae5Sr7zmQb12JU/NDQa/3CH7/QW0yvqLcGN6jL+zQFKaoJcPc+yJxMTGmosqw==",
      "dev": true,
      "requires": {
        "@jest/types": "^24.8.0",
        "ansi-regex": "^4.0.0",
        "ansi-styles": "^3.2.0",
        "react-is": "^16.8.4"
      }
    },
    "react-hooks-testing-library": {
      "version": "0.6.0",
      "resolved": "https://registry.npmjs.org/react-hooks-testing-library/-/react-hooks-testing-library-0.6.0.tgz",
      "integrity": "sha512-VzOF4ZYMWR2B0RQgRXmxolmSMy7uvUPgmVm/CqSeyTRiITMQXiTywK65sjoIHzsQ6tW1R8hbljSYU02PgGdvCA==",
      "dev": true,
      "requires": {
        "@testing-library/react-hooks": "~1.0.2"
      }
    },
    "react-is": {
      "version": "16.8.6",
      "resolved": "https://registry.npmjs.org/react-is/-/react-is-16.8.6.tgz",
      "integrity": "sha512-aUk3bHfZ2bRSVFFbbeVS4i+lNPZr3/WM5jT2J5omUVV1zzcs1nAaf3l51ctA5FFvCRbhrH0bdAsRRQddFJZPtA==",
      "dev": true
    },
    "regenerator-runtime": {
      "version": "0.13.3",
      "resolved": "https://registry.npmjs.org/regenerator-runtime/-/regenerator-runtime-0.13.3.tgz",
      "integrity": "sha512-naKIZz2GQ8JWh///G7L3X6LaQUAMp2lvb1rvwwsURe/VXwD6VMfr+/1NuNw3ag8v2kY1aQ/go5SNn79O9JU7yw==",
      "dev": true
    },
    "wait-for-expect": {
      "version": "1.2.0",
      "resolved": "https://registry.npmjs.org/wait-for-expect/-/wait-for-expect-1.2.0.tgz",
      "integrity": "sha512-EJhKpA+5UHixduMBEGhTFuLuVgQBKWxkFbefOdj2bbk2/OpA5Opsc4aUTGmF+qJ+v3kTGxDRNYwKaT4j6g5n8Q==",
      "dev": true
    }
  }
}
