{
	"name": "@cutting/util",
	"version": "0.7.0",
	"lockfileVersion": 1,
	"requires": true,
	"dependencies": {
		"@cutting/useful-types": {
			"version": "0.1.0",
			"resolved": "https://registry.npmjs.org/@cutting/useful-types/-/useful-types-0.1.0.tgz",
			"integrity": "sha512-i8+1nrkQnRUno/wNHrYiNfUgwvmasnnIa0U0r4sXS0tQijdf1nw8hOQb7Sw1GsaG2mObqrapda8N/DSyV9ofFQ==",
			"dev": true
		}
	}
}
