{
	"name": "@cutting/eslint-config",
	"version": "1.0.0",
	"lockfileVersion": 1,
	"requires": true,
	"dependencies": {
		"array-includes": {
			"version": "3.0.3",
			"resolved": "https://registry.npmjs.org/array-includes/-/array-includes-3.0.3.tgz",
			"integrity": "sha1-GEtI9i2S10UrsxsyMWXH+L0CJm0=",
			"dev": true,
			"requires": {
				"define-properties": "^1.1.2",
				"es-abstract": "^1.7.0"
			}
		},
		"define-properties": {
			"version": "1.1.3",
			"resolved": "https://registry.npmjs.org/define-properties/-/define-properties-1.1.3.tgz",
			"integrity": "sha512-3MqfYKj2lLzdMSf8ZIZE/V+Zuy+BgD6f164e8K2w7dgnpKArBDerGYpM46IYYcjnkdPNMjPk9A6VFB8+3SKlXQ==",
			"dev": true,
			"requires": {
				"object-keys": "^1.0.12"
			}
		},
		"doctrine": {
			"version": "2.1.0",
			"resolved": "https://registry.npmjs.org/doctrine/-/doctrine-2.1.0.tgz",
			"integrity": "sha512-35mSku4ZXK0vfCuHEDAwt55dg2jNajHZ1odvF+8SSr82EsZY4QmXfuWso8oEd8zRhVObSN18aM0CjSdoBX7zIw==",
			"dev": true,
			"requires": {
				"esutils": "^2.0.2"
			}
		},
		"es-abstract": {
			"version": "1.16.0",
			"resolved": "https://registry.npmjs.org/es-abstract/-/es-abstract-1.16.0.tgz",
			"integrity": "sha512-xdQnfykZ9JMEiasTAJZJdMWCQ1Vm00NBw79/AWi7ELfZuuPCSOMDZbT9mkOfSctVtfhb+sAAzrm+j//GjjLHLg==",
			"dev": true,
			"requires": {
				"es-to-primitive": "^1.2.0",
				"function-bind": "^1.1.1",
				"has": "^1.0.3",
				"has-symbols": "^1.0.0",
				"is-callable": "^1.1.4",
				"is-regex": "^1.0.4",
				"object-inspect": "^1.6.0",
				"object-keys": "^1.1.1",
				"string.prototype.trimleft": "^2.1.0",
				"string.prototype.trimright": "^2.1.0"
			}
		},
		"es-to-primitive": {
			"version": "1.2.0",
			"resolved": "https://registry.npmjs.org/es-to-primitive/-/es-to-primitive-1.2.0.tgz",
			"integrity": "sha512-qZryBOJjV//LaxLTV6UC//WewneB3LcXOL9NP++ozKVXsIIIpm/2c13UDiD9Jp2eThsecw9m3jPqDwTyobcdbg==",
			"dev": true,
			"requires": {
				"is-callable": "^1.1.4",
				"is-date-object": "^1.0.1",
				"is-symbol": "^1.0.2"
			}
		},
		"eslint-config-react": {
			"version": "1.1.7",
			"resolved": "https://registry.npmjs.org/eslint-config-react/-/eslint-config-react-1.1.7.tgz",
			"integrity": "sha1-oJGND8R9DpvRYaRzCAIdqF0lhbM=",
			"dev": true
		},
		"eslint-plugin-jest-formatting": {
			"version": "1.2.0",
			"resolved": "https://registry.npmjs.org/eslint-plugin-jest-formatting/-/eslint-plugin-jest-formatting-1.2.0.tgz",
			"integrity": "sha512-EqsbDByAtdQa5vEhJFUFMqTW7fghN0Qhb8oulM7R3j9+9xRuMsQKCPjWvCIxpWhl3SJJmlxBC25o1pUXiBHaAw==",
			"dev": true
		},
		"eslint-plugin-prettier": {
			"version": "3.1.1",
			"resolved": "https://registry.npmjs.org/eslint-plugin-prettier/-/eslint-plugin-prettier-3.1.1.tgz",
			"integrity": "sha512-A+TZuHZ0KU0cnn56/9mfR7/KjUJ9QNVXUhwvRFSR7PGPe0zQR6PTkmyqg1AtUUEOzTqeRsUwyKFh0oVZKVCrtA==",
			"dev": true,
			"requires": {
				"prettier-linter-helpers": "^1.0.0"
			}
		},
		"eslint-plugin-react": {
			"version": "7.16.0",
			"resolved": "https://registry.npmjs.org/eslint-plugin-react/-/eslint-plugin-react-7.16.0.tgz",
			"integrity": "sha512-GacBAATewhhptbK3/vTP09CbFrgUJmBSaaRcWdbQLFvUZy9yVcQxigBNHGPU/KE2AyHpzj3AWXpxoMTsIDiHug==",
			"dev": true,
			"requires": {
				"array-includes": "^3.0.3",
				"doctrine": "^2.1.0",
				"has": "^1.0.3",
				"jsx-ast-utils": "^2.2.1",
				"object.entries": "^1.1.0",
				"object.fromentries": "^2.0.0",
				"object.values": "^1.1.0",
				"prop-types": "^15.7.2",
				"resolve": "^1.12.0"
			}
		},
		"eslint-plugin-react-hooks": {
			"version": "2.2.0",
			"resolved": "https://registry.npmjs.org/eslint-plugin-react-hooks/-/eslint-plugin-react-hooks-2.2.0.tgz",
			"integrity": "sha512-jSlnBjV2cmyIeL555H/FbvuSbQ1AtpHjLMHuPrQnt1eVA6lX8yufdygh7AArI2m8ct7ChHGx2uOaCuxq2MUn6g==",
			"dev": true
		},
		"esutils": {
			"version": "2.0.3",
			"resolved": "https://registry.npmjs.org/esutils/-/esutils-2.0.3.tgz",
			"integrity": "sha512-kVscqXk4OCp68SZ0dkgEKVi6/8ij300KBWTJq32P/dYeWTSwK41WyTxalN1eRmA5Z9UU/LX9D7FWSmV9SAYx6g==",
			"dev": true
		},
		"fast-diff": {
			"version": "1.2.0",
			"resolved": "https://registry.npmjs.org/fast-diff/-/fast-diff-1.2.0.tgz",
			"integrity": "sha512-xJuoT5+L99XlZ8twedaRf6Ax2TgQVxvgZOYoPKqZufmJib0tL2tegPBOZb1pVNgIhlqDlA0eO0c3wBvQcmzx4w==",
			"dev": true
		},
		"function-bind": {
			"version": "1.1.1",
			"resolved": "https://registry.npmjs.org/function-bind/-/function-bind-1.1.1.tgz",
			"integrity": "sha512-yIovAzMX49sF8Yl58fSCWJ5svSLuaibPxXQJFLmBObTuCr0Mf1KiPopGM9NiFjiYBCbfaa2Fh6breQ6ANVTI0A==",
			"dev": true
		},
		"has": {
			"version": "1.0.3",
			"resolved": "https://registry.npmjs.org/has/-/has-1.0.3.tgz",
			"integrity": "sha512-f2dvO0VU6Oej7RkWJGrehjbzMAjFp5/VKPp5tTpWIV4JHHZK1/BxbFRtf/siA2SWTe09caDmVtYYzWEIbBS4zw==",
			"dev": true,
			"requires": {
				"function-bind": "^1.1.1"
			}
		},
		"has-symbols": {
			"version": "1.0.0",
			"resolved": "https://registry.npmjs.org/has-symbols/-/has-symbols-1.0.0.tgz",
			"integrity": "sha1-uhqPGvKg/DllD1yFA2dwQSIGO0Q=",
			"dev": true
		},
		"is-callable": {
			"version": "1.1.4",
			"resolved": "https://registry.npmjs.org/is-callable/-/is-callable-1.1.4.tgz",
			"integrity": "sha512-r5p9sxJjYnArLjObpjA4xu5EKI3CuKHkJXMhT7kwbpUyIFD1n5PMAsoPvWnvtZiNz7LjkYDRZhd7FlI0eMijEA==",
			"dev": true
		},
		"is-date-object": {
			"version": "1.0.1",
			"resolved": "https://registry.npmjs.org/is-date-object/-/is-date-object-1.0.1.tgz",
			"integrity": "sha1-mqIOtq7rv/d/vTPnTKAbM1gdOhY=",
			"dev": true
		},
		"is-regex": {
			"version": "1.0.4",
			"resolved": "https://registry.npmjs.org/is-regex/-/is-regex-1.0.4.tgz",
			"integrity": "sha1-VRdIm1RwkbCTDglWVM7SXul+lJE=",
			"dev": true,
			"requires": {
				"has": "^1.0.1"
			}
		},
		"is-symbol": {
			"version": "1.0.2",
			"resolved": "https://registry.npmjs.org/is-symbol/-/is-symbol-1.0.2.tgz",
			"integrity": "sha512-HS8bZ9ox60yCJLH9snBpIwv9pYUAkcuLhSA1oero1UB5y9aiQpRA8y2ex945AOtCZL1lJDeIk3G5LthswI46Lw==",
			"dev": true,
			"requires": {
				"has-symbols": "^1.0.0"
			}
		},
		"js-tokens": {
			"version": "4.0.0",
			"resolved": "https://registry.npmjs.org/js-tokens/-/js-tokens-4.0.0.tgz",
			"integrity": "sha512-RdJUflcE3cUzKiMqQgsCu06FPu9UdIJO0beYbPhHN4k6apgJtifcoCtT9bcxOpYBtpD2kCM6Sbzg4CausW/PKQ==",
			"dev": true
		},
		"jsx-ast-utils": {
			"version": "2.2.3",
			"resolved": "https://registry.npmjs.org/jsx-ast-utils/-/jsx-ast-utils-2.2.3.tgz",
			"integrity": "sha512-EdIHFMm+1BPynpKOpdPqiOsvnIrInRGJD7bzPZdPkjitQEqpdpUuFpq4T0npZFKTiB3RhWFdGN+oqOJIdhDhQA==",
			"dev": true,
			"requires": {
				"array-includes": "^3.0.3",
				"object.assign": "^4.1.0"
			}
		},
		"loose-envify": {
			"version": "1.4.0",
			"resolved": "https://registry.npmjs.org/loose-envify/-/loose-envify-1.4.0.tgz",
			"integrity": "sha512-lyuxPGr/Wfhrlem2CL/UcnUc1zcqKAImBDzukY7Y5F/yQiNdko6+fRLevlw1HgMySw7f611UIY408EtxRSoK3Q==",
			"dev": true,
			"requires": {
				"js-tokens": "^3.0.0 || ^4.0.0"
			}
		},
		"object-assign": {
			"version": "4.1.1",
			"resolved": "https://registry.npmjs.org/object-assign/-/object-assign-4.1.1.tgz",
			"integrity": "sha1-IQmtx5ZYh8/AXLvUQsrIv7s2CGM=",
			"dev": true
		},
		"object-inspect": {
			"version": "1.6.0",
			"resolved": "https://registry.npmjs.org/object-inspect/-/object-inspect-1.6.0.tgz",
			"integrity": "sha512-GJzfBZ6DgDAmnuaM3104jR4s1Myxr3Y3zfIyN4z3UdqN69oSRacNK8UhnobDdC+7J2AHCjGwxQubNJfE70SXXQ==",
			"dev": true
		},
		"object-keys": {
			"version": "1.1.1",
			"resolved": "https://registry.npmjs.org/object-keys/-/object-keys-1.1.1.tgz",
			"integrity": "sha512-NuAESUOUMrlIXOfHKzD6bpPu3tYt3xvjNdRIQ+FeT0lNb4K8WR70CaDxhuNguS2XG+GjkyMwOzsN5ZktImfhLA==",
			"dev": true
		},
		"object.assign": {
			"version": "4.1.0",
			"resolved": "https://registry.npmjs.org/object.assign/-/object.assign-4.1.0.tgz",
			"integrity": "sha512-exHJeq6kBKj58mqGyTQ9DFvrZC/eR6OwxzoM9YRoGBqrXYonaFyGiFMuc9VZrXf7DarreEwMpurG3dd+CNyW5w==",
			"dev": true,
			"requires": {
				"define-properties": "^1.1.2",
				"function-bind": "^1.1.1",
				"has-symbols": "^1.0.0",
				"object-keys": "^1.0.11"
			}
		},
		"object.entries": {
			"version": "1.1.0",
			"resolved": "https://registry.npmjs.org/object.entries/-/object.entries-1.1.0.tgz",
			"integrity": "sha512-l+H6EQ8qzGRxbkHOd5I/aHRhHDKoQXQ8g0BYt4uSweQU1/J6dZUOyWh9a2Vky35YCKjzmgxOzta2hH6kf9HuXA==",
			"dev": true,
			"requires": {
				"define-properties": "^1.1.3",
				"es-abstract": "^1.12.0",
				"function-bind": "^1.1.1",
				"has": "^1.0.3"
			}
		},
		"object.fromentries": {
			"version": "2.0.1",
			"resolved": "https://registry.npmjs.org/object.fromentries/-/object.fromentries-2.0.1.tgz",
			"integrity": "sha512-PUQv8Hbg3j2QX0IQYv3iAGCbGcu4yY4KQ92/dhA4sFSixBmSmp13UpDLs6jGK8rBtbmhNNIK99LD2k293jpiGA==",
			"dev": true,
			"requires": {
				"define-properties": "^1.1.3",
				"es-abstract": "^1.15.0",
				"function-bind": "^1.1.1",
				"has": "^1.0.3"
			}
		},
		"object.values": {
			"version": "1.1.0",
			"resolved": "https://registry.npmjs.org/object.values/-/object.values-1.1.0.tgz",
			"integrity": "sha512-8mf0nKLAoFX6VlNVdhGj31SVYpaNFtUnuoOXWyFEstsWRgU837AK+JYM0iAxwkSzGRbwn8cbFmgbyxj1j4VbXg==",
			"dev": true,
			"requires": {
				"define-properties": "^1.1.3",
				"es-abstract": "^1.12.0",
				"function-bind": "^1.1.1",
				"has": "^1.0.3"
			}
		},
		"path-parse": {
			"version": "1.0.6",
			"resolved": "https://registry.npmjs.org/path-parse/-/path-parse-1.0.6.tgz",
			"integrity": "sha512-GSmOT2EbHrINBf9SR7CDELwlJ8AENk3Qn7OikK4nFYAu3Ote2+JYNVvkpAEQm3/TLNEJFD/xZJjzyxg3KBWOzw==",
			"dev": true
		},
		"prettier-linter-helpers": {
			"version": "1.0.0",
			"resolved": "https://registry.npmjs.org/prettier-linter-helpers/-/prettier-linter-helpers-1.0.0.tgz",
			"integrity": "sha512-GbK2cP9nraSSUF9N2XwUwqfzlAFlMNYYl+ShE/V+H8a9uNl/oUqB1w2EL54Jh0OlyRSd8RfWYJ3coVS4TROP2w==",
			"dev": true,
			"requires": {
				"fast-diff": "^1.1.2"
			}
		},
		"prop-types": {
			"version": "15.7.2",
			"resolved": "https://registry.npmjs.org/prop-types/-/prop-types-15.7.2.tgz",
			"integrity": "sha512-8QQikdH7//R2vurIJSutZ1smHYTcLpRWEOlHnzcWHmBYrOGUysKwSsrC89BCiFj3CbrfJ/nXFdJepOVrY1GCHQ==",
			"dev": true,
			"requires": {
				"loose-envify": "^1.4.0",
				"object-assign": "^4.1.1",
				"react-is": "^16.8.1"
			}
		},
		"react-is": {
			"version": "16.11.0",
			"resolved": "https://registry.npmjs.org/react-is/-/react-is-16.11.0.tgz",
			"integrity": "sha512-gbBVYR2p8mnriqAwWx9LbuUrShnAuSCNnuPGyc7GJrMVQtPDAh8iLpv7FRuMPFb56KkaVZIYSz1PrjI9q0QPCw==",
			"dev": true
		},
		"resolve": {
			"version": "1.12.0",
			"resolved": "https://registry.npmjs.org/resolve/-/resolve-1.12.0.tgz",
			"integrity": "sha512-B/dOmuoAik5bKcD6s6nXDCjzUKnaDvdkRyAk6rsmsKLipWj4797iothd7jmmUhWTfinVMU+wc56rYKsit2Qy4w==",
			"dev": true,
			"requires": {
				"path-parse": "^1.0.6"
			}
		},
		"string.prototype.trimleft": {
			"version": "2.1.0",
			"resolved": "https://registry.npmjs.org/string.prototype.trimleft/-/string.prototype.trimleft-2.1.0.tgz",
			"integrity": "sha512-FJ6b7EgdKxxbDxc79cOlok6Afd++TTs5szo+zJTUyow3ycrRfJVE2pq3vcN53XexvKZu/DJMDfeI/qMiZTrjTw==",
			"dev": true,
			"requires": {
				"define-properties": "^1.1.3",
				"function-bind": "^1.1.1"
			}
		},
		"string.prototype.trimright": {
			"version": "2.1.0",
			"resolved": "https://registry.npmjs.org/string.prototype.trimright/-/string.prototype.trimright-2.1.0.tgz",
			"integrity": "sha512-fXZTSV55dNBwv16uw+hh5jkghxSnc5oHq+5K/gXgizHwAvMetdAJlHqqoFC1FSDVPYWLkAKl2cxpUT41sV7nSg==",
			"dev": true,
			"requires": {
				"define-properties": "^1.1.3",
				"function-bind": "^1.1.1"
			}
		}
	}
}
