{
	"name": "@cutting/react-gel",
	"version": "0.7.0",
	"lockfileVersion": 1,
	"requires": true,
	"dependencies": {
		"gel-grid": {
			"version": "4.0.0",
			"resolved": "https://registry.npmjs.org/gel-grid/-/gel-grid-4.0.0.tgz",
			"integrity": "sha512-GEhEItTwWdURAdegetpZdhe0Jye+Vjv6B+3j8dPEFs2cmOFO8u7oXUBbINxl58CeFBDxN+G7czsCcOnPW8oqSg==",
			"requires": {
				"gel-sass-tools": "^1.0.0"
			}
		},
		"gel-sass-tools": {
			"version": "1.2.1",
			"resolved": "https://registry.npmjs.org/gel-sass-tools/-/gel-sass-tools-1.2.1.tgz",
			"integrity": "sha1-u1Qne9SaCdoEZzEH/dKtnA3P6qU=",
			"requires": {
				"sass-mq": "^3.2.3"
			}
		},
		"lodash": {
			"version": "4.17.15",
			"resolved": "https://registry.npmjs.org/lodash/-/lodash-4.17.15.tgz",
			"integrity": "sha512-8xOcRHvCjnocdS5cpwXQXVzmmh5e5+saE2QGoeQmbKmRS6J3VQppPOIt0MnmE+4xlZoumy0GPG0D0MVIQbNA1A=="
		},
		"sass-mq": {
			"version": "3.3.2",
			"resolved": "https://registry.npmjs.org/sass-mq/-/sass-mq-3.3.2.tgz",
			"integrity": "sha1-NHLgTDGkMrzVWztgTtxyrppN7xo="
		}
	}
}
